
Microsoft Visual Studio Solution File, Format Version 12.00
# Visual Studio Version 17
VisualStudioVersion = 17.0.31912.275
MinimumVisualStudioVersion = 10.0.40219.1
Project("{2150E333-8FDC-42A3-9474-1A3956D46DE8}") = "ShopManagement", "ShopManagement", "{4E2B6B33-EC42-45EB-847A-9F7E1B0117B5}"
EndProject
Project("{2150E333-8FDC-42A3-9474-1A3956D46DE8}") = "SM.Domain", "SM.Domain", "{B8F6B7E4-AA00-41BD-9876-D3071904CBF5}"
EndProject
Project("{9A19103F-16F7-4668-BE54-9A1E7A4F7556}") = "ShopManagement.Domain", "ShopManagement.Domain\ShopManagement.Domain.csproj", "{17D48463-C3F6-4054-93E6-E9836940AC51}"
EndProject
Project("{9A19103F-16F7-4668-BE54-9A1E7A4F7556}") = "0_Framework", "0_Framework\0_Framework.csproj", "{83963560-B016-4B62-9094-00974A06CDC4}"
EndProject
Project("{2150E333-8FDC-42A3-9474-1A3956D46DE8}") = "SM.Application", "SM.Application", "{86F08BB2-A13C-40B6-8893-D0BDB79BC89C}"
EndProject
Project("{9A19103F-16F7-4668-BE54-9A1E7A4F7556}") = "ShopManagement.Application.Contracts", "ShopManagement.Application.Contracts\ShopManagement.Application.Contracts.csproj", "{43482B8D-D52B-43DD-BF5F-EC5B7066C4FE}"
EndProject
Project("{9A19103F-16F7-4668-BE54-9A1E7A4F7556}") = "ShopManagement.Application", "ShopManagement.Application\ShopManagement.Application.csproj", "{86FC5EE1-11F7-4826-A6A1-AF1D0ACA1B04}"
EndProject
Project("{2150E333-8FDC-42A3-9474-1A3956D46DE8}") = "SM.Infrastructure", "SM.Infrastructure", "{B483244C-A6A8-473D-B5A8-E3E826AE4BEB}"
EndProject
Project("{9A19103F-16F7-4668-BE54-9A1E7A4F7556}") = "ShopManagement.Infrastructure.EFcore", "ShopManagement.Infrastructure.EFcore\ShopManagement.Infrastructure.EFcore.csproj", "{40C38427-020F-4D0D-ADDB-F3D94B6DFED5}"
EndProject
Project("{9A19103F-16F7-4668-BE54-9A1E7A4F7556}") = "ShopManagement.Configuration", "ShopManagement.Configuration\ShopManagement.Configuration.csproj", "{AB3893BF-91B5-4055-B086-A0472D12C995}"
EndProject
Project("{9A19103F-16F7-4668-BE54-9A1E7A4F7556}") = "ServiceHost", "ServiceHost\ServiceHost.csproj", "{800E896E-737F-4B97-81A8-BB5AA49A0681}"
EndProject
Project("{9A19103F-16F7-4668-BE54-9A1E7A4F7556}") = "01_LampshadeQuery", "01_LampshadeQuery\01_LampshadeQuery.csproj", "{F2307EF4-5298-4A2D-A7A3-2027A230FADC}"
EndProject
Project("{2150E333-8FDC-42A3-9474-1A3956D46DE8}") = "DiscountManagement", "DiscountManagement", "{3980F026-12EE-47A2-814C-F46FE934007E}"
EndProject
Project("{2150E333-8FDC-42A3-9474-1A3956D46DE8}") = "DM.Application", "DM.Application", "{3B996249-54F3-4D5D-8904-68F7BFD7828C}"
EndProject
Project("{2150E333-8FDC-42A3-9474-1A3956D46DE8}") = "DM.Domain", "DM.Domain", "{C7129167-56AD-429C-9DD9-B342C896DA71}"
EndProject
Project("{2150E333-8FDC-42A3-9474-1A3956D46DE8}") = "DM.Infrastructure", "DM.Infrastructure", "{77D77708-DF58-4D6C-B185-4F9773C0C374}"
EndProject
Project("{FAE04EC0-301F-11D3-BF4B-00C04F79EFBC}") = "DiscountManagement.Domain", "DiscountManagement.Domain\DiscountManagement.Domain.csproj", "{EDB35FD7-6BAF-4894-B4AC-9F9C21BCDA04}"
EndProject
Project("{FAE04EC0-301F-11D3-BF4B-00C04F79EFBC}") = "DiscountManagement.Application.Contracts", "DiscountManagement.Application.Contracts\DiscountManagement.Application.Contracts.csproj", "{CEB39402-ADDD-4BD2-9791-A71AADA3521C}"
EndProject
Global
	GlobalSection(SolutionConfigurationPlatforms) = preSolution
		Debug|Any CPU = Debug|Any CPU
		Release|Any CPU = Release|Any CPU
	EndGlobalSection
	GlobalSection(ProjectConfigurationPlatforms) = postSolution
		{17D48463-C3F6-4054-93E6-E9836940AC51}.Debug|Any CPU.ActiveCfg = Debug|Any CPU
		{17D48463-C3F6-4054-93E6-E9836940AC51}.Debug|Any CPU.Build.0 = Debug|Any CPU
		{17D48463-C3F6-4054-93E6-E9836940AC51}.Release|Any CPU.ActiveCfg = Release|Any CPU
		{17D48463-C3F6-4054-93E6-E9836940AC51}.Release|Any CPU.Build.0 = Release|Any CPU
		{83963560-B016-4B62-9094-00974A06CDC4}.Debug|Any CPU.ActiveCfg = Debug|Any CPU
		{83963560-B016-4B62-9094-00974A06CDC4}.Debug|Any CPU.Build.0 = Debug|Any CPU
		{83963560-B016-4B62-9094-00974A06CDC4}.Release|Any CPU.ActiveCfg = Release|Any CPU
		{83963560-B016-4B62-9094-00974A06CDC4}.Release|Any CPU.Build.0 = Release|Any CPU
		{43482B8D-D52B-43DD-BF5F-EC5B7066C4FE}.Debug|Any CPU.ActiveCfg = Debug|Any CPU
		{43482B8D-D52B-43DD-BF5F-EC5B7066C4FE}.Debug|Any CPU.Build.0 = Debug|Any CPU
		{43482B8D-D52B-43DD-BF5F-EC5B7066C4FE}.Release|Any CPU.ActiveCfg = Release|Any CPU
		{43482B8D-D52B-43DD-BF5F-EC5B7066C4FE}.Release|Any CPU.Build.0 = Release|Any CPU
		{86FC5EE1-11F7-4826-A6A1-AF1D0ACA1B04}.Debug|Any CPU.ActiveCfg = Debug|Any CPU
		{86FC5EE1-11F7-4826-A6A1-AF1D0ACA1B04}.Debug|Any CPU.Build.0 = Debug|Any CPU
		{86FC5EE1-11F7-4826-A6A1-AF1D0ACA1B04}.Release|Any CPU.ActiveCfg = Release|Any CPU
		{86FC5EE1-11F7-4826-A6A1-AF1D0ACA1B04}.Release|Any CPU.Build.0 = Release|Any CPU
		{40C38427-020F-4D0D-ADDB-F3D94B6DFED5}.Debug|Any CPU.ActiveCfg = Debug|Any CPU
		{40C38427-020F-4D0D-ADDB-F3D94B6DFED5}.Debug|Any CPU.Build.0 = Debug|Any CPU
		{40C38427-020F-4D0D-ADDB-F3D94B6DFED5}.Release|Any CPU.ActiveCfg = Release|Any CPU
		{40C38427-020F-4D0D-ADDB-F3D94B6DFED5}.Release|Any CPU.Build.0 = Release|Any CPU
		{AB3893BF-91B5-4055-B086-A0472D12C995}.Debug|Any CPU.ActiveCfg = Debug|Any CPU
		{AB3893BF-91B5-4055-B086-A0472D12C995}.Debug|Any CPU.Build.0 = Debug|Any CPU
		{AB3893BF-91B5-4055-B086-A0472D12C995}.Release|Any CPU.ActiveCfg = Release|Any CPU
		{AB3893BF-91B5-4055-B086-A0472D12C995}.Release|Any CPU.Build.0 = Release|Any CPU
		{800E896E-737F-4B97-81A8-BB5AA49A0681}.Debug|Any CPU.ActiveCfg = Debug|Any CPU
		{800E896E-737F-4B97-81A8-BB5AA49A0681}.Debug|Any CPU.Build.0 = Debug|Any CPU
		{800E896E-737F-4B97-81A8-BB5AA49A0681}.Release|Any CPU.ActiveCfg = Release|Any CPU
		{800E896E-737F-4B97-81A8-BB5AA49A0681}.Release|Any CPU.Build.0 = Release|Any CPU
		{F2307EF4-5298-4A2D-A7A3-2027A230FADC}.Debug|Any CPU.ActiveCfg = Debug|Any CPU
		{F2307EF4-5298-4A2D-A7A3-2027A230FADC}.Debug|Any CPU.Build.0 = Debug|Any CPU
		{F2307EF4-5298-4A2D-A7A3-2027A230FADC}.Release|Any CPU.ActiveCfg = Release|Any CPU
		{F2307EF4-5298-4A2D-A7A3-2027A230FADC}.Release|Any CPU.Build.0 = Release|Any CPU
		{EDB35FD7-6BAF-4894-B4AC-9F9C21BCDA04}.Debug|Any CPU.ActiveCfg = Debug|Any CPU
		{EDB35FD7-6BAF-4894-B4AC-9F9C21BCDA04}.Debug|Any CPU.Build.0 = Debug|Any CPU
		{EDB35FD7-6BAF-4894-B4AC-9F9C21BCDA04}.Release|Any CPU.ActiveCfg = Release|Any CPU
		{EDB35FD7-6BAF-4894-B4AC-9F9C21BCDA04}.Release|Any CPU.Build.0 = Release|Any CPU
		{CEB39402-ADDD-4BD2-9791-A71AADA3521C}.Debug|Any CPU.ActiveCfg = Debug|Any CPU
		{CEB39402-ADDD-4BD2-9791-A71AADA3521C}.Debug|Any CPU.Build.0 = Debug|Any CPU
		{CEB39402-ADDD-4BD2-9791-A71AADA3521C}.Release|Any CPU.ActiveCfg = Release|Any CPU
		{CEB39402-ADDD-4BD2-9791-A71AADA3521C}.Release|Any CPU.Build.0 = Release|Any CPU
	EndGlobalSection
	GlobalSection(SolutionProperties) = preSolution
		HideSolutionNode = FALSE
	EndGlobalSection
	GlobalSection(NestedProjects) = preSolution
		{B8F6B7E4-AA00-41BD-9876-D3071904CBF5} = {4E2B6B33-EC42-45EB-847A-9F7E1B0117B5}
		{17D48463-C3F6-4054-93E6-E9836940AC51} = {B8F6B7E4-AA00-41BD-9876-D3071904CBF5}
		{86F08BB2-A13C-40B6-8893-D0BDB79BC89C} = {4E2B6B33-EC42-45EB-847A-9F7E1B0117B5}
		{43482B8D-D52B-43DD-BF5F-EC5B7066C4FE} = {86F08BB2-A13C-40B6-8893-D0BDB79BC89C}
		{86FC5EE1-11F7-4826-A6A1-AF1D0ACA1B04} = {86F08BB2-A13C-40B6-8893-D0BDB79BC89C}
		{B483244C-A6A8-473D-B5A8-E3E826AE4BEB} = {4E2B6B33-EC42-45EB-847A-9F7E1B0117B5}
		{40C38427-020F-4D0D-ADDB-F3D94B6DFED5} = {B483244C-A6A8-473D-B5A8-E3E826AE4BEB}
		{AB3893BF-91B5-4055-B086-A0472D12C995} = {B483244C-A6A8-473D-B5A8-E3E826AE4BEB}
		{3B996249-54F3-4D5D-8904-68F7BFD7828C} = {3980F026-12EE-47A2-814C-F46FE934007E}
		{C7129167-56AD-429C-9DD9-B342C896DA71} = {3980F026-12EE-47A2-814C-F46FE934007E}
		{77D77708-DF58-4D6C-B185-4F9773C0C374} = {3980F026-12EE-47A2-814C-F46FE934007E}
		{EDB35FD7-6BAF-4894-B4AC-9F9C21BCDA04} = {C7129167-56AD-429C-9DD9-B342C896DA71}
		{CEB39402-ADDD-4BD2-9791-A71AADA3521C} = {3B996249-54F3-4D5D-8904-68F7BFD7828C}
	EndGlobalSection
	GlobalSection(ExtensibilityGlobals) = postSolution
		SolutionGuid = {95E90D25-E574-463D-9727-68D101EA16F5}
	EndGlobalSection
EndGlobal
